
Microsoft Visual Studio Solution File, Format Version 12.00
# Visual Studio 15
VisualStudioVersion = 15.0.28307.421
MinimumVisualStudioVersion = 10.0.40219.1
Project("{9A19103F-16F7-4668-BE54-9A1E7A4F7556}") = "BikeSharingDemand", "BikeSharingDemand\BikeSharingDemand.csproj", "{81B3D6D0-67F9-4BEF-9110-4DA72900B53F}"
EndProject
Project("{FAE04EC0-301F-11D3-BF4B-00C04F79EFBC}") = "WineQualityClassification", "WineQualityClassification\WineQualityClassification.csproj", "{626C73E8-14D9-482B-88BE-10C519B215E0}"
EndProject
Global
	GlobalSection(SolutionConfigurationPlatforms) = preSolution
		Debug|Any CPU = Debug|Any CPU
		Release|Any CPU = Release|Any CPU
	EndGlobalSection
	GlobalSection(ProjectConfigurationPlatforms) = postSolution
		{81B3D6D0-67F9-4BEF-9110-4DA72900B53F}.Debug|Any CPU.ActiveCfg = Debug|Any CPU
		{81B3D6D0-67F9-4BEF-9110-4DA72900B53F}.Debug|Any CPU.Build.0 = Debug|Any CPU
		{81B3D6D0-67F9-4BEF-9110-4DA72900B53F}.Release|Any CPU.ActiveCfg = Release|Any CPU
		{81B3D6D0-67F9-4BEF-9110-4DA72900B53F}.Release|Any CPU.Build.0 = Release|Any CPU
		{626C73E8-14D9-482B-88BE-10C519B215E0}.Debug|Any CPU.ActiveCfg = Debug|Any CPU
		{626C73E8-14D9-482B-88BE-10C519B215E0}.Debug|Any CPU.Build.0 = Debug|Any CPU
		{626C73E8-14D9-482B-88BE-10C519B215E0}.Release|Any CPU.ActiveCfg = Release|Any CPU
		{626C73E8-14D9-482B-88BE-10C519B215E0}.Release|Any CPU.Build.0 = Release|Any CPU
	EndGlobalSection
	GlobalSection(SolutionProperties) = preSolution
		HideSolutionNode = FALSE
	EndGlobalSection
	GlobalSection(ExtensibilityGlobals) = postSolution
		SolutionGuid = {8EF44733-7198-452E-BDE6-2180F7452A4D}
	EndGlobalSection
EndGlobal
